
Microsoft Visual Studio Solution File, Format Version 10.00
# Visual Studio 2008
Project("{8BC9CEB8-8B4A-11D0-8D11-00A0C91BC942}") = "Client", "Client.vcproj", "{860F53A3-2B58-415D-A960-2D978E30993F}"
EndProject
Global
	GlobalSection(SolutionConfigurationPlatforms) = preSolution
		Debug|Win32 = Debug|Win32
		DebugEditor|Win32 = DebugEditor|Win32
		Release|Win32 = Release|Win32
		ReleaseEditor|Win32 = ReleaseEditor|Win32
	EndGlobalSection
	GlobalSection(ProjectConfigurationPlatforms) = postSolution
		{860F53A3-2B58-415D-A960-2D978E30993F}.Debug|Win32.ActiveCfg = Debug|Win32
		{860F53A3-2B58-415D-A960-2D978E30993F}.Debug|Win32.Build.0 = Debug|Win32
		{860F53A3-2B58-415D-A960-2D978E30993F}.DebugEditor|Win32.ActiveCfg = Debug|Win32
		{860F53A3-2B58-415D-A960-2D978E30993F}.DebugEditor|Win32.Build.0 = Debug|Win32
		{860F53A3-2B58-415D-A960-2D978E30993F}.Release|Win32.ActiveCfg = Release|Win32
		{860F53A3-2B58-415D-A960-2D978E30993F}.Release|Win32.Build.0 = Release|Win32
		{860F53A3-2B58-415D-A960-2D978E30993F}.ReleaseEditor|Win32.ActiveCfg = Release|Win32
		{860F53A3-2B58-415D-A960-2D978E30993F}.ReleaseEditor|Win32.Build.0 = Release|Win32
	EndGlobalSection
	GlobalSection(SolutionProperties) = preSolution
		HideSolutionNode = FALSE
	EndGlobalSection
EndGlobal
