
Microsoft Visual Studio Solution File, Format Version 10.00
# Visual Studio 2008
Project("{8BC9CEB8-8B4A-11D0-8D11-00A0C91BC942}") = "EditLBA1AnimSound", "EditLBA1AnimSound.vcproj", "{F5834E6F-12A6-47BB-A09A-1294C1FBBBFE}"
EndProject
Global
	GlobalSection(SolutionConfigurationPlatforms) = preSolution
		DebugEditSound|Win32 = DebugEditSound|Win32
		ReleaseEditSound|Win32 = ReleaseEditSound|Win32
	EndGlobalSection
	GlobalSection(ProjectConfigurationPlatforms) = postSolution
		{F5834E6F-12A6-47BB-A09A-1294C1FBBBFE}.DebugEditSound|Win32.ActiveCfg = DebugEditSound|Win32
		{F5834E6F-12A6-47BB-A09A-1294C1FBBBFE}.DebugEditSound|Win32.Build.0 = DebugEditSound|Win32
		{F5834E6F-12A6-47BB-A09A-1294C1FBBBFE}.ReleaseEditSound|Win32.ActiveCfg = ReleaseEditSound|Win32
		{F5834E6F-12A6-47BB-A09A-1294C1FBBBFE}.ReleaseEditSound|Win32.Build.0 = ReleaseEditSound|Win32
	EndGlobalSection
	GlobalSection(SolutionProperties) = preSolution
		HideSolutionNode = FALSE
	EndGlobalSection
EndGlobal
