
Microsoft Visual Studio Solution File, Format Version 11.00
# Visual Studio 2010
Project("{8BC9CEB8-8B4A-11D0-8D11-00A0C91BC942}") = "ExtractLBA1SceneInfo", "ExtractLba1SceneInfo.vcxproj", "{E4E1D9E4-BE2C-4C71-A711-3267E780978E}"
EndProject
Global
	GlobalSection(SolutionConfigurationPlatforms) = preSolution
		Debug|Win32 = Debug|Win32
		Release|Win32 = Release|Win32
	EndGlobalSection
	GlobalSection(ProjectConfigurationPlatforms) = postSolution
		{E4E1D9E4-BE2C-4C71-A711-3267E780978E}.Debug|Win32.ActiveCfg = Debug|Win32
		{E4E1D9E4-BE2C-4C71-A711-3267E780978E}.Debug|Win32.Build.0 = Debug|Win32
		{E4E1D9E4-BE2C-4C71-A711-3267E780978E}.Release|Win32.ActiveCfg = Release|Win32
		{E4E1D9E4-BE2C-4C71-A711-3267E780978E}.Release|Win32.Build.0 = Release|Win32
	EndGlobalSection
	GlobalSection(SolutionProperties) = preSolution
		HideSolutionNode = FALSE
	EndGlobalSection
EndGlobal
