
Microsoft Visual Studio Solution File, Format Version 10.00
# Visual C++ Express 2008
Project("{8BC9CEB8-8B4A-11D0-8D11-00A0C91BC942}") = "LBA_RoomManagerServer", "ConnectedTrackerServer.vcproj", "{713A566D-9D6D-4DEE-9F41-5B03CB522AFB}"
EndProject
Global
	GlobalSection(SolutionConfigurationPlatforms) = preSolution
		Debug|Win32 = Debug|Win32
		Release|Win32 = Release|Win32
	EndGlobalSection
	GlobalSection(ProjectConfigurationPlatforms) = postSolution
		{713A566D-9D6D-4DEE-9F41-5B03CB522AFB}.Debug|Win32.ActiveCfg = Debug|Win32
		{713A566D-9D6D-4DEE-9F41-5B03CB522AFB}.Debug|Win32.Build.0 = Debug|Win32
		{713A566D-9D6D-4DEE-9F41-5B03CB522AFB}.Release|Win32.ActiveCfg = Release|Win32
		{713A566D-9D6D-4DEE-9F41-5B03CB522AFB}.Release|Win32.Build.0 = Release|Win32
	EndGlobalSection
	GlobalSection(SolutionProperties) = preSolution
		HideSolutionNode = FALSE
	EndGlobalSection
EndGlobal
